// !$*UTF8*$!
{
	archiveVersion = 1;
	classes = {
	};
	objectVersion = 55;
	objects = {

/* Begin PBXBuildFile section */
		18A0C1242792F41500FAD30C /* AppDelegate.swift in Sources */ = {isa = PBXBuildFile; fileRef = 18A0C1232792F41500FAD30C /* AppDelegate.swift */; };
		18A0C12B2792F41500FAD30C /* Main.storyboard in Resources */ = {isa = PBXBuildFile; fileRef = 18A0C1292792F41500FAD30C /* Main.storyboard */; };
		18A0C12D2792F41700FAD30C /* Assets.xcassets in Resources */ = {isa = PBXBuildFile; fileRef = 18A0C12C2792F41700FAD30C /* Assets.xcassets */; };
		18A0C1302792F41700FAD30C /* LaunchScreen.storyboard in Resources */ = {isa = PBXBuildFile; fileRef = 18A0C12E2792F41700FAD30C /* LaunchScreen.storyboard */; };
		18A0C1382792F5DD00FAD30C /* RootViewController.swift in Sources */ = {isa = PBXBuildFile; fileRef = 18A0C1372792F5DD00FAD30C /* RootViewController.swift */; };
		18A0C13E2792F81B00FAD30C /* ListViewController.swift in Sources */ = {isa = PBXBuildFile; fileRef = 18A0C13D2792F81B00FAD30C /* ListViewController.swift */; };
		18A0C1412792F88E00FAD30C /* LaunchDetailViewController.swift in Sources */ = {isa = PBXBuildFile; fileRef = 18A0C1402792F88E00FAD30C /* LaunchDetailViewController.swift */; };
		18A0C1432792FC3600FAD30C /* DataModels.swift in Sources */ = {isa = PBXBuildFile; fileRef = 18A0C1422792FC3600FAD30C /* DataModels.swift */; };
		18A0C1462793084100FAD30C /* ServiceManager.swift in Sources */ = {isa = PBXBuildFile; fileRef = 18A0C1452793084100FAD30C /* ServiceManager.swift */; };
		18AF0BA72794214A002E5499 /* LaunchTableViewCell.swift in Sources */ = {isa = PBXBuildFile; fileRef = 18AF0BA52794214A002E5499 /* LaunchTableViewCell.swift */; };
		18AF0BA82794214A002E5499 /* LaunchTableViewCell.xib in Resources */ = {isa = PBXBuildFile; fileRef = 18AF0BA62794214A002E5499 /* LaunchTableViewCell.xib */; };
		18AF0BAA279428A1002E5499 /* Extensions.swift in Sources */ = {isa = PBXBuildFile; fileRef = 18AF0BA9279428A1002E5499 /* Extensions.swift */; };
		18AF0BAD27944714002E5499 /* SlideTableViewCell.swift in Sources */ = {isa = PBXBuildFile; fileRef = 18AF0BAB27944714002E5499 /* SlideTableViewCell.swift */; };
		18AF0BAE27944714002E5499 /* SlideTableViewCell.xib in Resources */ = {isa = PBXBuildFile; fileRef = 18AF0BAC27944714002E5499 /* SlideTableViewCell.xib */; };
		18AF0BB327945083002E5499 /* SlideImageCollectionViewCell.swift in Sources */ = {isa = PBXBuildFile; fileRef = 18AF0BB127945083002E5499 /* SlideImageCollectionViewCell.swift */; };
		18AF0BB427945083002E5499 /* SlideImageCollectionViewCell.xib in Resources */ = {isa = PBXBuildFile; fileRef = 18AF0BB227945083002E5499 /* SlideImageCollectionViewCell.xib */; };
		18AF0BB727947414002E5499 /* XActivityView.swift in Sources */ = {isa = PBXBuildFile; fileRef = 18AF0BB527947414002E5499 /* XActivityView.swift */; };
		18AF0BB827947414002E5499 /* XActivityView.xib in Resources */ = {isa = PBXBuildFile; fileRef = 18AF0BB627947414002E5499 /* XActivityView.xib */; };
		18F3B1CB27D11CC600E520A5 /* AppStyle.swift in Sources */ = {isa = PBXBuildFile; fileRef = 18F3B1CA27D11CC600E520A5 /* AppStyle.swift */; };
		18FABB0E27D3C7DD00F429A5 /* RocketLaunchDemoTests.swift in Sources */ = {isa = PBXBuildFile; fileRef = 18FABB0D27D3C7DD00F429A5 /* RocketLaunchDemoTests.swift */; };
		848009E44896D37E76EB5B22 /* Pods_RocketLaunchDemo.framework in Frameworks */ = {isa = PBXBuildFile; fileRef = 67A00492807CF5416587EA20 /* Pods_RocketLaunchDemo.framework */; };
/* End PBXBuildFile section */

/* Begin PBXContainerItemProxy section */
		18FABB0F27D3C7DD00F429A5 /* PBXContainerItemProxy */ = {
			isa = PBXContainerItemProxy;
			containerPortal = 18A0C1182792F41500FAD30C /* Project object */;
			proxyType = 1;
			remoteGlobalIDString = 18A0C11F2792F41500FAD30C;
			remoteInfo = RocketLaunchDemo;
		};
/* End PBXContainerItemProxy section */

/* Begin PBXFileReference section */
		18A0C1202792F41500FAD30C /* RocketLaunchDemo.app */ = {isa = PBXFileReference; explicitFileType = wrapper.application; includeInIndex = 0; path = RocketLaunchDemo.app; sourceTree = BUILT_PRODUCTS_DIR; };
		18A0C1232792F41500FAD30C /* AppDelegate.swift */ = {isa = PBXFileReference; lastKnownFileType = sourcecode.swift; path = AppDelegate.swift; sourceTree = "<group>"; };
		18A0C12A2792F41500FAD30C /* Base */ = {isa = PBXFileReference; lastKnownFileType = file.storyboard; name = Base; path = Base.lproj/Main.storyboard; sourceTree = "<group>"; };
		18A0C12C2792F41700FAD30C /* Assets.xcassets */ = {isa = PBXFileReference; lastKnownFileType = folder.assetcatalog; path = Assets.xcassets; sourceTree = "<group>"; };
		18A0C12F2792F41700FAD30C /* Base */ = {isa = PBXFileReference; lastKnownFileType = file.storyboard; name = Base; path = Base.lproj/LaunchScreen.storyboard; sourceTree = "<group>"; };
		18A0C1312792F41700FAD30C /* Info.plist */ = {isa = PBXFileReference; lastKnownFileType = text.plist.xml; path = Info.plist; sourceTree = "<group>"; };
		18A0C1372792F5DD00FAD30C /* RootViewController.swift */ = {isa = PBXFileReference; lastKnownFileType = sourcecode.swift; path = RootViewController.swift; sourceTree = "<group>"; };
		18A0C13D2792F81B00FAD30C /* ListViewController.swift */ = {isa = PBXFileReference; lastKnownFileType = sourcecode.swift; path = ListViewController.swift; sourceTree = "<group>"; };
		18A0C1402792F88E00FAD30C /* LaunchDetailViewController.swift */ = {isa = PBXFileReference; lastKnownFileType = sourcecode.swift; path = LaunchDetailViewController.swift; sourceTree = "<group>"; };
		18A0C1422792FC3600FAD30C /* DataModels.swift */ = {isa = PBXFileReference; lastKnownFileType = sourcecode.swift; path = DataModels.swift; sourceTree = "<group>"; };
		18A0C1452793084100FAD30C /* ServiceManager.swift */ = {isa = PBXFileReference; lastKnownFileType = sourcecode.swift; path = ServiceManager.swift; sourceTree = "<group>"; };
		18AF0BA52794214A002E5499 /* LaunchTableViewCell.swift */ = {isa = PBXFileReference; lastKnownFileType = sourcecode.swift; path = LaunchTableViewCell.swift; sourceTree = "<group>"; };
		18AF0BA62794214A002E5499 /* LaunchTableViewCell.xib */ = {isa = PBXFileReference; lastKnownFileType = file.xib; path = LaunchTableViewCell.xib; sourceTree = "<group>"; };
		18AF0BA9279428A1002E5499 /* Extensions.swift */ = {isa = PBXFileReference; lastKnownFileType = sourcecode.swift; path = Extensions.swift; sourceTree = "<group>"; };
		18AF0BAB27944714002E5499 /* SlideTableViewCell.swift */ = {isa = PBXFileReference; lastKnownFileType = sourcecode.swift; path = SlideTableViewCell.swift; sourceTree = "<group>"; };
		18AF0BAC27944714002E5499 /* SlideTableViewCell.xib */ = {isa = PBXFileReference; lastKnownFileType = file.xib; path = SlideTableViewCell.xib; sourceTree = "<group>"; };
		18AF0BB127945083002E5499 /* SlideImageCollectionViewCell.swift */ = {isa = PBXFileReference; lastKnownFileType = sourcecode.swift; path = SlideImageCollectionViewCell.swift; sourceTree = "<group>"; };
		18AF0BB227945083002E5499 /* SlideImageCollectionViewCell.xib */ = {isa = PBXFileReference; lastKnownFileType = file.xib; path = SlideImageCollectionViewCell.xib; sourceTree = "<group>"; };
		18AF0BB527947414002E5499 /* XActivityView.swift */ = {isa = PBXFileReference; fileEncoding = 4; lastKnownFileType = sourcecode.swift; path = XActivityView.swift; sourceTree = "<group>"; };
		18AF0BB627947414002E5499 /* XActivityView.xib */ = {isa = PBXFileReference; fileEncoding = 4; lastKnownFileType = file.xib; path = XActivityView.xib; sourceTree = "<group>"; };
		18F3B1CA27D11CC600E520A5 /* AppStyle.swift */ = {isa = PBXFileReference; lastKnownFileType = sourcecode.swift; path = AppStyle.swift; sourceTree = "<group>"; };
		18FABB0B27D3C7DC00F429A5 /* RocketLaunchDemoTests.xctest */ = {isa = PBXFileReference; explicitFileType = wrapper.cfbundle; includeInIndex = 0; path = RocketLaunchDemoTests.xctest; sourceTree = BUILT_PRODUCTS_DIR; };
		18FABB0D27D3C7DD00F429A5 /* RocketLaunchDemoTests.swift */ = {isa = PBXFileReference; lastKnownFileType = sourcecode.swift; path = RocketLaunchDemoTests.swift; sourceTree = "<group>"; };
		67A00492807CF5416587EA20 /* Pods_RocketLaunchDemo.framework */ = {isa = PBXFileReference; explicitFileType = wrapper.framework; includeInIndex = 0; path = Pods_RocketLaunchDemo.framework; sourceTree = BUILT_PRODUCTS_DIR; };
		D3E9AC32881A0ADB31D66F10 /* Pods-RocketLaunchDemo.debug.xcconfig */ = {isa = PBXFileReference; includeInIndex = 1; lastKnownFileType = text.xcconfig; name = "Pods-RocketLaunchDemo.debug.xcconfig"; path = "Target Support Files/Pods-RocketLaunchDemo/Pods-RocketLaunchDemo.debug.xcconfig"; sourceTree = "<group>"; };
		ECE9D67D3BBA78D2351DE3DC /* Pods-RocketLaunchDemo.release.xcconfig */ = {isa = PBXFileReference; includeInIndex = 1; lastKnownFileType = text.xcconfig; name = "Pods-RocketLaunchDemo.release.xcconfig"; path = "Target Support Files/Pods-RocketLaunchDemo/Pods-RocketLaunchDemo.release.xcconfig"; sourceTree = "<group>"; };
/* End PBXFileReference section */

/* Begin PBXFrameworksBuildPhase section */
		18A0C11D2792F41500FAD30C /* Frameworks */ = {
			isa = PBXFrameworksBuildPhase;
			buildActionMask = 2147483647;
			files = (
				848009E44896D37E76EB5B22 /* Pods_RocketLaunchDemo.framework in Frameworks */,
			);
			runOnlyForDeploymentPostprocessing = 0;
		};
		18FABB0827D3C7DC00F429A5 /* Frameworks */ = {
			isa = PBXFrameworksBuildPhase;
			buildActionMask = 2147483647;
			files = (
			);
			runOnlyForDeploymentPostprocessing = 0;
		};
/* End PBXFrameworksBuildPhase section */

/* Begin PBXGroup section */
		18A0C1172792F41500FAD30C = {
			isa = PBXGroup;
			children = (
				18A0C1222792F41500FAD30C /* RocketLaunchDemo */,
				18FABB0C27D3C7DD00F429A5 /* RocketLaunchDemoTests */,
				18A0C1212792F41500FAD30C /* Products */,
				EA55A2B5A27208D4ABC4CE89 /* Pods */,
				890AF670E55BE048BC1CE82C /* Frameworks */,
			);
			sourceTree = "<group>";
		};
		18A0C1212792F41500FAD30C /* Products */ = {
			isa = PBXGroup;
			children = (
				18A0C1202792F41500FAD30C /* RocketLaunchDemo.app */,
				18FABB0B27D3C7DC00F429A5 /* RocketLaunchDemoTests.xctest */,
			);
			name = Products;
			sourceTree = "<group>";
		};
		18A0C1222792F41500FAD30C /* RocketLaunchDemo */ = {
			isa = PBXGroup;
			children = (
				18A0C1232792F41500FAD30C /* AppDelegate.swift */,
				18A0C1372792F5DD00FAD30C /* RootViewController.swift */,
				18A0C13F2792F87400FAD30C /* Controllers */,
				18A0C1392792F7AA00FAD30C /* Storyboards */,
				18A0C13A2792F7C600FAD30C /* Views */,
				18A0C13B2792F7D200FAD30C /* Helpers */,
				18A0C13C2792F7ED00FAD30C /* Models */,
				18A0C12C2792F41700FAD30C /* Assets.xcassets */,
				18A0C1312792F41700FAD30C /* Info.plist */,
			);
			path = RocketLaunchDemo;
			sourceTree = "<group>";
		};
		18A0C1392792F7AA00FAD30C /* Storyboards */ = {
			isa = PBXGroup;
			children = (
				18A0C1292792F41500FAD30C /* Main.storyboard */,
				18A0C12E2792F41700FAD30C /* LaunchScreen.storyboard */,
			);
			path = Storyboards;
			sourceTree = "<group>";
		};
		18A0C13A2792F7C600FAD30C /* Views */ = {
			isa = PBXGroup;
			children = (
				18AF0BB527947414002E5499 /* XActivityView.swift */,
				18AF0BB627947414002E5499 /* XActivityView.xib */,
				18AF0BB027945063002E5499 /* CollectionViews */,
				18AF0BAF2794504D002E5499 /* TableViews */,
			);
			path = Views;
			sourceTree = "<group>";
		};
		18A0C13B2792F7D200FAD30C /* Helpers */ = {
			isa = PBXGroup;
			children = (
				18AF0BA9279428A1002E5499 /* Extensions.swift */,
				18F3B1CA27D11CC600E520A5 /* AppStyle.swift */,
			);
			path = Helpers;
			sourceTree = "<group>";
		};
		18A0C13C2792F7ED00FAD30C /* Models */ = {
			isa = PBXGroup;
			children = (
				18A0C1422792FC3600FAD30C /* DataModels.swift */,
				18A0C1452793084100FAD30C /* ServiceManager.swift */,
			);
			path = Models;
			sourceTree = "<group>";
		};
		18A0C13F2792F87400FAD30C /* Controllers */ = {
			isa = PBXGroup;
			children = (
				18A0C13D2792F81B00FAD30C /* ListViewController.swift */,
				18A0C1402792F88E00FAD30C /* LaunchDetailViewController.swift */,
			);
			path = Controllers;
			sourceTree = "<group>";
		};
		18AF0BAF2794504D002E5499 /* TableViews */ = {
			isa = PBXGroup;
			children = (
				18AF0BA52794214A002E5499 /* LaunchTableViewCell.swift */,
				18AF0BA62794214A002E5499 /* LaunchTableViewCell.xib */,
				18AF0BAB27944714002E5499 /* SlideTableViewCell.swift */,
				18AF0BAC27944714002E5499 /* SlideTableViewCell.xib */,
			);
			path = TableViews;
			sourceTree = "<group>";
		};
		18AF0BB027945063002E5499 /* CollectionViews */ = {
			isa = PBXGroup;
			children = (
				18AF0BB127945083002E5499 /* SlideImageCollectionViewCell.swift */,
				18AF0BB227945083002E5499 /* SlideImageCollectionViewCell.xib */,
			);
			path = CollectionViews;
			sourceTree = "<group>";
		};
		18FABB0C27D3C7DD00F429A5 /* RocketLaunchDemoTests */ = {
			isa = PBXGroup;
			children = (
				18FABB0D27D3C7DD00F429A5 /* RocketLaunchDemoTests.swift */,
			);
			path = RocketLaunchDemoTests;
			sourceTree = "<group>";
		};
		890AF670E55BE048BC1CE82C /* Frameworks */ = {
			isa = PBXGroup;
			children = (
				67A00492807CF5416587EA20 /* Pods_RocketLaunchDemo.framework */,
			);
			name = Frameworks;
			sourceTree = "<group>";
		};
		EA55A2B5A27208D4ABC4CE89 /* Pods */ = {
			isa = PBXGroup;
			children = (
				D3E9AC32881A0ADB31D66F10 /* Pods-RocketLaunchDemo.debug.xcconfig */,
				ECE9D67D3BBA78D2351DE3DC /* Pods-RocketLaunchDemo.release.xcconfig */,
			);
			path = Pods;
			sourceTree = "<group>";
		};
/* End PBXGroup section */

/* Begin PBXNativeTarget section */
		18A0C11F2792F41500FAD30C /* RocketLaunchDemo */ = {
			isa = PBXNativeTarget;
			buildConfigurationList = 18A0C1342792F41700FAD30C /* Build configuration list for PBXNativeTarget "RocketLaunchDemo" */;
			buildPhases = (
				9F93C7D38B305840FEEB5E58 /* [CP] Check Pods Manifest.lock */,
				18A0C11C2792F41500FAD30C /* Sources */,
				18A0C11D2792F41500FAD30C /* Frameworks */,
				18A0C11E2792F41500FAD30C /* Resources */,
				30769776FAEDE8D3D39BC030 /* [CP] Embed Pods Frameworks */,
			);
			buildRules = (
			);
			dependencies = (
			);
			name = RocketLaunchDemo;
			productName = RocketLaunchDemo;
			productReference = 18A0C1202792F41500FAD30C /* RocketLaunchDemo.app */;
			productType = "com.apple.product-type.application";
		};
		18FABB0A27D3C7DC00F429A5 /* RocketLaunchDemoTests */ = {
			isa = PBXNativeTarget;
			buildConfigurationList = 18FABB1327D3C7DD00F429A5 /* Build configuration list for PBXNativeTarget "RocketLaunchDemoTests" */;
			buildPhases = (
				18FABB0727D3C7DC00F429A5 /* Sources */,
				18FABB0827D3C7DC00F429A5 /* Frameworks */,
				18FABB0927D3C7DC00F429A5 /* Resources */,
			);
			buildRules = (
			);
			dependencies = (
				18FABB1027D3C7DD00F429A5 /* PBXTargetDependency */,
			);
			name = RocketLaunchDemoTests;
			productName = RocketLaunchDemoTests;
			productReference = 18FABB0B27D3C7DC00F429A5 /* RocketLaunchDemoTests.xctest */;
			productType = "com.apple.product-type.bundle.unit-test";
		};
/* End PBXNativeTarget section */

/* Begin PBXProject section */
		18A0C1182792F41500FAD30C /* Project object */ = {
			isa = PBXProject;
			attributes = {
				BuildIndependentTargetsInParallel = 1;
				LastSwiftUpdateCheck = 1300;
				LastUpgradeCheck = 1300;
				TargetAttributes = {
					18A0C11F2792F41500FAD30C = {
						CreatedOnToolsVersion = 13.0;
					};
					18FABB0A27D3C7DC00F429A5 = {
						CreatedOnToolsVersion = 13.0;
						TestTargetID = 18A0C11F2792F41500FAD30C;
					};
				};
			};
			buildConfigurationList = 18A0C11B2792F41500FAD30C /* Build configuration list for PBXProject "RocketLaunchDemo" */;
			compatibilityVersion = "Xcode 13.0";
			developmentRegion = en;
			hasScannedForEncodings = 0;
			knownRegions = (
				en,
				Base,
			);
			mainGroup = 18A0C1172792F41500FAD30C;
			productRefGroup = 18A0C1212792F41500FAD30C /* Products */;
			projectDirPath = "";
			projectRoot = "";
			targets = (
				18A0C11F2792F41500FAD30C /* RocketLaunchDemo */,
				18FABB0A27D3C7DC00F429A5 /* RocketLaunchDemoTests */,
			);
		};
/* End PBXProject section */

/* Begin PBXResourcesBuildPhase section */
		18A0C11E2792F41500FAD30C /* Resources */ = {
			isa = PBXResourcesBuildPhase;
			buildActionMask = 2147483647;
			files = (
				18AF0BA82794214A002E5499 /* LaunchTableViewCell.xib in Resources */,
				18A0C1302792F41700FAD30C /* LaunchScreen.storyboard in Resources */,
				18AF0BB427945083002E5499 /* SlideImageCollectionViewCell.xib in Resources */,
				18AF0BB827947414002E5499 /* XActivityView.xib in Resources */,
				18A0C12D2792F41700FAD30C /* Assets.xcassets in Resources */,
				18AF0BAE27944714002E5499 /* SlideTableViewCell.xib in Resources */,
				18A0C12B2792F41500FAD30C /* Main.storyboard in Resources */,
			);
			runOnlyForDeploymentPostprocessing = 0;
		};
		18FABB0927D3C7DC00F429A5 /* Resources */ = {
			isa = PBXResourcesBuildPhase;
			buildActionMask = 2147483647;
			files = (
			);
			runOnlyForDeploymentPostprocessing = 0;
		};
/* End PBXResourcesBuildPhase section */

/* Begin PBXShellScriptBuildPhase section */
		30769776FAEDE8D3D39BC030 /* [CP] Embed Pods Frameworks */ = {
			isa = PBXShellScriptBuildPhase;
			buildActionMask = 2147483647;
			files = (
			);
			inputFileListPaths = (
				"${PODS_ROOT}/Target Support Files/Pods-RocketLaunchDemo/Pods-RocketLaunchDemo-frameworks-${CONFIGURATION}-input-files.xcfilelist",
			);
			name = "[CP] Embed Pods Frameworks";
			outputFileListPaths = (
				"${PODS_ROOT}/Target Support Files/Pods-RocketLaunchDemo/Pods-RocketLaunchDemo-frameworks-${CONFIGURATION}-output-files.xcfilelist",
			);
			runOnlyForDeploymentPostprocessing = 0;
			shellPath = /bin/sh;
			shellScript = "\"${PODS_ROOT}/Target Support Files/Pods-RocketLaunchDemo/Pods-RocketLaunchDemo-frameworks.sh\"\n";
			showEnvVarsInLog = 0;
		};
		9F93C7D38B305840FEEB5E58 /* [CP] Check Pods Manifest.lock */ = {
			isa = PBXShellScriptBuildPhase;
			buildActionMask = 2147483647;
			files = (
			);
			inputFileListPaths = (
			);
			inputPaths = (
				"${PODS_PODFILE_DIR_PATH}/Podfile.lock",
				"${PODS_ROOT}/Manifest.lock",
			);
			name = "[CP] Check Pods Manifest.lock";
			outputFileListPaths = (
			);
			outputPaths = (
				"$(DERIVED_FILE_DIR)/Pods-RocketLaunchDemo-checkManifestLockResult.txt",
			);
			runOnlyForDeploymentPostprocessing = 0;
			shellPath = /bin/sh;
			shellScript = "diff \"${PODS_PODFILE_DIR_PATH}/Podfile.lock\" \"${PODS_ROOT}/Manifest.lock\" > /dev/null\nif [ $? != 0 ] ; then\n    # print error to STDERR\n    echo \"error: The sandbox is not in sync with the Podfile.lock. Run 'pod install' or update your CocoaPods installation.\" >&2\n    exit 1\nfi\n# This output is used by Xcode 'outputs' to avoid re-running this script phase.\necho \"SUCCESS\" > \"${SCRIPT_OUTPUT_FILE_0}\"\n";
			showEnvVarsInLog = 0;
		};
/* End PBXShellScriptBuildPhase section */

/* Begin PBXSourcesBuildPhase section */
		18A0C11C2792F41500FAD30C /* Sources */ = {
			isa = PBXSourcesBuildPhase;
			buildActionMask = 2147483647;
			files = (
				18A0C1412792F88E00FAD30C /* LaunchDetailViewController.swift in Sources */,
				18A0C1242792F41500FAD30C /* AppDelegate.swift in Sources */,
				18AF0BB327945083002E5499 /* SlideImageCollectionViewCell.swift in Sources */,
				18F3B1CB27D11CC600E520A5 /* AppStyle.swift in Sources */,
				18A0C1432792FC3600FAD30C /* DataModels.swift in Sources */,
				18AF0BAA279428A1002E5499 /* Extensions.swift in Sources */,
				18AF0BAD27944714002E5499 /* SlideTableViewCell.swift in Sources */,
				18AF0BB727947414002E5499 /* XActivityView.swift in Sources */,
				18A0C1382792F5DD00FAD30C /* RootViewController.swift in Sources */,
				18A0C13E2792F81B00FAD30C /* ListViewController.swift in Sources */,
				18AF0BA72794214A002E5499 /* LaunchTableViewCell.swift in Sources */,
				18A0C1462793084100FAD30C /* ServiceManager.swift in Sources */,
			);
			runOnlyForDeploymentPostprocessing = 0;
		};
		18FABB0727D3C7DC00F429A5 /* Sources */ = {
			isa = PBXSourcesBuildPhase;
			buildActionMask = 2147483647;
			files = (
				18FABB0E27D3C7DD00F429A5 /* RocketLaunchDemoTests.swift in Sources */,
			);
			runOnlyForDeploymentPostprocessing = 0;
		};
/* End PBXSourcesBuildPhase section */

/* Begin PBXTargetDependency section */
		18FABB1027D3C7DD00F429A5 /* PBXTargetDependency */ = {
			isa = PBXTargetDependency;
			target = 18A0C11F2792F41500FAD30C /* RocketLaunchDemo */;
			targetProxy = 18FABB0F27D3C7DD00F429A5 /* PBXContainerItemProxy */;
		};
/* End PBXTargetDependency section */

/* Begin PBXVariantGroup section */
		18A0C1292792F41500FAD30C /* Main.storyboard */ = {
			isa = PBXVariantGroup;
			children = (
				18A0C12A2792F41500FAD30C /* Base */,
			);
			name = Main.storyboard;
			sourceTree = "<group>";
		};
		18A0C12E2792F41700FAD30C /* LaunchScreen.storyboard */ = {
			isa = PBXVariantGroup;
			children = (
				18A0C12F2792F41700FAD30C /* Base */,
			);
			name = LaunchScreen.storyboard;
			sourceTree = "<group>";
		};
/* End PBXVariantGroup section */

/* Begin XCBuildConfiguration section */
		18A0C1322792F41700FAD30C /* Debug */ = {
			isa = XCBuildConfiguration;
			buildSettings = {
				ALWAYS_SEARCH_USER_PATHS = NO;
				CLANG_ANALYZER_NONNULL = YES;
				CLANG_ANALYZER_NUMBER_OBJECT_CONVERSION = YES_AGGRESSIVE;
				CLANG_CXX_LANGUAGE_STANDARD = "gnu++17";
				CLANG_CXX_LIBRARY = "libc++";
				CLANG_ENABLE_MODULES = YES;
				CLANG_ENABLE_OBJC_ARC = YES;
				CLANG_ENABLE_OBJC_WEAK = YES;
				CLANG_WARN_BLOCK_CAPTURE_AUTORELEASING = YES;
				CLANG_WARN_BOOL_CONVERSION = YES;
				CLANG_WARN_COMMA = YES;
				CLANG_WARN_CONSTANT_CONVERSION = YES;
				CLANG_WARN_DEPRECATED_OBJC_IMPLEMENTATIONS = YES;
				CLANG_WARN_DIRECT_OBJC_ISA_USAGE = YES_ERROR;
				CLANG_WARN_DOCUMENTATION_COMMENTS = YES;
				CLANG_WARN_EMPTY_BODY = YES;
				CLANG_WARN_ENUM_CONVERSION = YES;
				CLANG_WARN_INFINITE_RECURSION = YES;
				CLANG_WARN_INT_CONVERSION = YES;
				CLANG_WARN_NON_LITERAL_NULL_CONVERSION = YES;
				CLANG_WARN_OBJC_IMPLICIT_RETAIN_SELF = YES;
				CLANG_WARN_OBJC_LITERAL_CONVERSION = YES;
				CLANG_WARN_OBJC_ROOT_CLASS = YES_ERROR;
				CLANG_WARN_QUOTED_INCLUDE_IN_FRAMEWORK_HEADER = YES;
				CLANG_WARN_RANGE_LOOP_ANALYSIS = YES;
				CLANG_WARN_STRICT_PROTOTYPES = YES;
				CLANG_WARN_SUSPICIOUS_MOVE = YES;
				CLANG_WARN_UNGUARDED_AVAILABILITY = YES_AGGRESSIVE;
				CLANG_WARN_UNREACHABLE_CODE = YES;
				CLANG_WARN__DUPLICATE_METHOD_MATCH = YES;
				COPY_PHASE_STRIP = NO;
				DEBUG_INFORMATION_FORMAT = dwarf;
				ENABLE_STRICT_OBJC_MSGSEND = YES;
				ENABLE_TESTABILITY = YES;
				GCC_C_LANGUAGE_STANDARD = gnu11;
				GCC_DYNAMIC_NO_PIC = NO;
				GCC_NO_COMMON_BLOCKS = YES;
				GCC_OPTIMIZATION_LEVEL = 0;
				GCC_PREPROCESSOR_DEFINITIONS = (
					"DEBUG=1",
					"$(inherited)",
				);
				GCC_WARN_64_TO_32_BIT_CONVERSION = YES;
				GCC_WARN_ABOUT_RETURN_TYPE = YES_ERROR;
				GCC_WARN_UNDECLARED_SELECTOR = YES;
				GCC_WARN_UNINITIALIZED_AUTOS = YES_AGGRESSIVE;
				GCC_WARN_UNUSED_FUNCTION = YES;
				GCC_WARN_UNUSED_VARIABLE = YES;
				IPHONEOS_DEPLOYMENT_TARGET = 12.0;
				MTL_ENABLE_DEBUG_INFO = INCLUDE_SOURCE;
				MTL_FAST_MATH = YES;
				ONLY_ACTIVE_ARCH = YES;
				SDKROOT = iphoneos;
				SWIFT_ACTIVE_COMPILATION_CONDITIONS = DEBUG;
				SWIFT_OPTIMIZATION_LEVEL = "-Onone";
			};
			name = Debug;
		};
		18A0C1332792F41700FAD30C /* Release */ = {
			isa = XCBuildConfiguration;
			buildSettings = {
				ALWAYS_SEARCH_USER_PATHS = NO;
				CLANG_ANALYZER_NONNULL = YES;
				CLANG_ANALYZER_NUMBER_OBJECT_CONVERSION = YES_AGGRESSIVE;
				CLANG_CXX_LANGUAGE_STANDARD = "gnu++17";
				CLANG_CXX_LIBRARY = "libc++";
				CLANG_ENABLE_MODULES = YES;
				CLANG_ENABLE_OBJC_ARC = YES;
				CLANG_ENABLE_OBJC_WEAK = YES;
				CLANG_WARN_BLOCK_CAPTURE_AUTORELEASING = YES;
				CLANG_WARN_BOOL_CONVERSION = YES;
				CLANG_WARN_COMMA = YES;
				CLANG_WARN_CONSTANT_CONVERSION = YES;
				CLANG_WARN_DEPRECATED_OBJC_IMPLEMENTATIONS = YES;
				CLANG_WARN_DIRECT_OBJC_ISA_USAGE = YES_ERROR;
				CLANG_WARN_DOCUMENTATION_COMMENTS = YES;
				CLANG_WARN_EMPTY_BODY = YES;
				CLANG_WARN_ENUM_CONVERSION = YES;
				CLANG_WARN_INFINITE_RECURSION = YES;
				CLANG_WARN_INT_CONVERSION = YES;
				CLANG_WARN_NON_LITERAL_NULL_CONVERSION = YES;
				CLANG_WARN_OBJC_IMPLICIT_RETAIN_SELF = YES;
				CLANG_WARN_OBJC_LITERAL_CONVERSION = YES;
				CLANG_WARN_OBJC_ROOT_CLASS = YES_ERROR;
				CLANG_WARN_QUOTED_INCLUDE_IN_FRAMEWORK_HEADER = YES;
				CLANG_WARN_RANGE_LOOP_ANALYSIS = YES;
				CLANG_WARN_STRICT_PROTOTYPES = YES;
				CLANG_WARN_SUSPICIOUS_MOVE = YES;
				CLANG_WARN_UNGUARDED_AVAILABILITY = YES_AGGRESSIVE;
				CLANG_WARN_UNREACHABLE_CODE = YES;
				CLANG_WARN__DUPLICATE_METHOD_MATCH = YES;
				COPY_PHASE_STRIP = NO;
				DEBUG_INFORMATION_FORMAT = "dwarf-with-dsym";
				ENABLE_NS_ASSERTIONS = NO;
				ENABLE_STRICT_OBJC_MSGSEND = YES;
				GCC_C_LANGUAGE_STANDARD = gnu11;
				GCC_NO_COMMON_BLOCKS = YES;
				GCC_WARN_64_TO_32_BIT_CONVERSION = YES;
				GCC_WARN_ABOUT_RETURN_TYPE = YES_ERROR;
				GCC_WARN_UNDECLARED_SELECTOR = YES;
				GCC_WARN_UNINITIALIZED_AUTOS = YES_AGGRESSIVE;
				GCC_WARN_UNUSED_FUNCTION = YES;
				GCC_WARN_UNUSED_VARIABLE = YES;
				IPHONEOS_DEPLOYMENT_TARGET = 12.0;
				MTL_ENABLE_DEBUG_INFO = NO;
				MTL_FAST_MATH = YES;
				SDKROOT = iphoneos;
				SWIFT_COMPILATION_MODE = wholemodule;
				SWIFT_OPTIMIZATION_LEVEL = "-O";
				VALIDATE_PRODUCT = YES;
			};
			name = Release;
		};
		18A0C1352792F41700FAD30C /* Debug */ = {
			isa = XCBuildConfiguration;
			baseConfigurationReference = D3E9AC32881A0ADB31D66F10 /* Pods-RocketLaunchDemo.debug.xcconfig */;
			buildSettings = {
				ASSETCATALOG_COMPILER_APPICON_NAME = AppIcon;
				ASSETCATALOG_COMPILER_GLOBAL_ACCENT_COLOR_NAME = AccentColor;
				CODE_SIGN_STYLE = Automatic;
				CURRENT_PROJECT_VERSION = 1000;
				GENERATE_INFOPLIST_FILE = YES;
				INFOPLIST_FILE = RocketLaunchDemo/Info.plist;
				INFOPLIST_KEY_UIApplicationSupportsIndirectInputEvents = YES;
				INFOPLIST_KEY_UILaunchStoryboardName = LaunchScreen;
				INFOPLIST_KEY_UIMainStoryboardFile = Main;
				INFOPLIST_KEY_UISupportedInterfaceOrientations = UIInterfaceOrientationPortrait;
				INFOPLIST_KEY_UISupportedInterfaceOrientations_iPad = "UIInterfaceOrientationPortrait UIInterfaceOrientationPortraitUpsideDown UIInterfaceOrientationLandscapeLeft UIInterfaceOrientationLandscapeRight";
				INFOPLIST_KEY_UISupportedInterfaceOrientations_iPhone = "UIInterfaceOrientationPortrait UIInterfaceOrientationLandscapeLeft UIInterfaceOrientationLandscapeRight";
				IPHONEOS_DEPLOYMENT_TARGET = 12.0;
				LD_RUNPATH_SEARCH_PATHS = (
					"$(inherited)",
					"@executable_path/Frameworks",
				);
				MARKETING_VERSION = 1.0.0;
				PRODUCT_BUNDLE_IDENTIFIER = Oguzhan.RocketLaunchDemo;
				PRODUCT_NAME = "$(TARGET_NAME)";
				SWIFT_EMIT_LOC_STRINGS = YES;
				SWIFT_VERSION = 5.0;
				TARGETED_DEVICE_FAMILY = 1;
			};
			name = Debug;
		};
		18A0C1362792F41700FAD30C /* Release */ = {
			isa = XCBuildConfiguration;
			baseConfigurationReference = ECE9D67D3BBA78D2351DE3DC /* Pods-RocketLaunchDemo.release.xcconfig */;
			buildSettings = {
				ASSETCATALOG_COMPILER_APPICON_NAME = AppIcon;
				ASSETCATALOG_COMPILER_GLOBAL_ACCENT_COLOR_NAME = AccentColor;
				CODE_SIGN_STYLE = Automatic;
				CURRENT_PROJECT_VERSION = 1000;
				GENERATE_INFOPLIST_FILE = YES;
				INFOPLIST_FILE = RocketLaunchDemo/Info.plist;
				INFOPLIST_KEY_UIApplicationSupportsIndirectInputEvents = YES;
				INFOPLIST_KEY_UILaunchStoryboardName = LaunchScreen;
				INFOPLIST_KEY_UIMainStoryboardFile = Main;
				INFOPLIST_KEY_UISupportedInterfaceOrientations = UIInterfaceOrientationPortrait;
				INFOPLIST_KEY_UISupportedInterfaceOrientations_iPad = "UIInterfaceOrientationPortrait UIInterfaceOrientationPortraitUpsideDown UIInterfaceOrientationLandscapeLeft UIInterfaceOrientationLandscapeRight";
				INFOPLIST_KEY_UISupportedInterfaceOrientations_iPhone = "UIInterfaceOrientationPortrait UIInterfaceOrientationLandscapeLeft UIInterfaceOrientationLandscapeRight";
				IPHONEOS_DEPLOYMENT_TARGET = 12.0;
				LD_RUNPATH_SEARCH_PATHS = (
					"$(inherited)",
					"@executable_path/Frameworks",
				);
				MARKETING_VERSION = 1.0.0;
				PRODUCT_BUNDLE_IDENTIFIER = Oguzhan.RocketLaunchDemo;
				PRODUCT_NAME = "$(TARGET_NAME)";
				SWIFT_EMIT_LOC_STRINGS = YES;
				SWIFT_VERSION = 5.0;
				TARGETED_DEVICE_FAMILY = 1;
			};
			name = Release;
		};
		18FABB1127D3C7DD00F429A5 /* Debug */ = {
			isa = XCBuildConfiguration;
			buildSettings = {
				BUNDLE_LOADER = "$(TEST_HOST)";
				CODE_SIGN_STYLE = Automatic;
				CURRENT_PROJECT_VERSION = 1;
				GENERATE_INFOPLIST_FILE = YES;
				IPHONEOS_DEPLOYMENT_TARGET = 15.0;
				LD_RUNPATH_SEARCH_PATHS = (
					"$(inherited)",
					"@executable_path/Frameworks",
					"@loader_path/Frameworks",
				);
				MARKETING_VERSION = 1.0;
				PRODUCT_BUNDLE_IDENTIFIER = SwapDemo.RocketLaunchDemoTests;
				PRODUCT_NAME = "$(TARGET_NAME)";
				SWIFT_EMIT_LOC_STRINGS = NO;
				SWIFT_VERSION = 5.0;
				TARGETED_DEVICE_FAMILY = "1,2";
				TEST_HOST = "$(BUILT_PRODUCTS_DIR)/RocketLaunchDemo.app/RocketLaunchDemo";
			};
			name = Debug;
		};
		18FABB1227D3C7DD00F429A5 /* Release */ = {
			isa = XCBuildConfiguration;
			buildSettings = {
				BUNDLE_LOADER = "$(TEST_HOST)";
				CODE_SIGN_STYLE = Automatic;
				CURRENT_PROJECT_VERSION = 1;
				GENERATE_INFOPLIST_FILE = YES;
				IPHONEOS_DEPLOYMENT_TARGET = 15.0;
				LD_RUNPATH_SEARCH_PATHS = (
					"$(inherited)",
					"@executable_path/Frameworks",
					"@loader_path/Frameworks",
				);
				MARKETING_VERSION = 1.0;
				PRODUCT_BUNDLE_IDENTIFIER = SwapDemo.RocketLaunchDemoTests;
				PRODUCT_NAME = "$(TARGET_NAME)";
				SWIFT_EMIT_LOC_STRINGS = NO;
				SWIFT_VERSION = 5.0;
				TARGETED_DEVICE_FAMILY = "1,2";
				TEST_HOST = "$(BUILT_PRODUCTS_DIR)/RocketLaunchDemo.app/RocketLaunchDemo";
			};
			name = Release;
		};
/* End XCBuildConfiguration section */

/* Begin XCConfigurationList section */
		18A0C11B2792F41500FAD30C /* Build configuration list for PBXProject "RocketLaunchDemo" */ = {
			isa = XCConfigurationList;
			buildConfigurations = (
				18A0C1322792F41700FAD30C /* Debug */,
				18A0C1332792F41700FAD30C /* Release */,
			);
			defaultConfigurationIsVisible = 0;
			defaultConfigurationName = Release;
		};
		18A0C1342792F41700FAD30C /* Build configuration list for PBXNativeTarget "RocketLaunchDemo" */ = {
			isa = XCConfigurationList;
			buildConfigurations = (
				18A0C1352792F41700FAD30C /* Debug */,
				18A0C1362792F41700FAD30C /* Release */,
			);
			defaultConfigurationIsVisible = 0;
			defaultConfigurationName = Release;
		};
		18FABB1327D3C7DD00F429A5 /* Build configuration list for PBXNativeTarget "RocketLaunchDemoTests" */ = {
			isa = XCConfigurationList;
			buildConfigurations = (
				18FABB1127D3C7DD00F429A5 /* Debug */,
				18FABB1227D3C7DD00F429A5 /* Release */,
			);
			defaultConfigurationIsVisible = 0;
			defaultConfigurationName = Release;
		};
/* End XCConfigurationList section */
	};
	rootObject = 18A0C1182792F41500FAD30C /* Project object */;
}
